
Microsoft Visual Studio Solution File, Format Version 12.00
# Visual Studio Version 17
VisualStudioVersion = 17.9.34622.214
MinimumVisualStudioVersion = 10.0.40219.1
Project("{FAE04EC0-301F-11D3-BF4B-00C04F79EFBC}") = "modul8_1302223116", "modul8_1302223116\modul8_1302223116.csproj", "{E642869C-1EF8-4BA0-A1D0-A2EB705F7A98}"
EndProject
Global
	GlobalSection(SolutionConfigurationPlatforms) = preSolution
		Debug|Any CPU = Debug|Any CPU
		Release|Any CPU = Release|Any CPU
	EndGlobalSection
	GlobalSection(ProjectConfigurationPlatforms) = postSolution
		{E642869C-1EF8-4BA0-A1D0-A2EB705F7A98}.Debug|Any CPU.ActiveCfg = Debug|Any CPU
		{E642869C-1EF8-4BA0-A1D0-A2EB705F7A98}.Debug|Any CPU.Build.0 = Debug|Any CPU
		{E642869C-1EF8-4BA0-A1D0-A2EB705F7A98}.Release|Any CPU.ActiveCfg = Release|Any CPU
		{E642869C-1EF8-4BA0-A1D0-A2EB705F7A98}.Release|Any CPU.Build.0 = Release|Any CPU
	EndGlobalSection
	GlobalSection(SolutionProperties) = preSolution
		HideSolutionNode = FALSE
	EndGlobalSection
	GlobalSection(ExtensibilityGlobals) = postSolution
		SolutionGuid = {B95EA1AB-F5EB-44FB-84FE-8ED601AA1E44}
	EndGlobalSection
EndGlobal
